{
  "name": "com.exitgames.photonfusion",
  "version": "1.1.0",
  "lockfileVersion": 3,
  "requires": true,
  "packages": {
    "": {
      "name": "com.exitgames.photonfusion",
      "version": "1.1.0",
      "dependencies": {
        "com.exitgames.photonfusion": "file:"
      }
    },
    "node_modules/com.exitgames.photonfusion": {
      "resolved": "",
      "link": true
    }
  }
}
